dependencies:
- name: common
  repository: https://charts.bitnami.com/bitnami
  version: 2.31.4
- name: app-template
  repository: https://bjw-s-labs.github.io/helm-charts
  version: 4.3.0
digest: sha256:8eba2e08d6d4b5a74e60e164b352977b2747415a86bc7c3b9ef402cd2f68fe90
generated: "2025-10-15T09:28:06.208354726+01:00"
