dependencies:
- name: lightbridge-authz
  repository: file://../lightbridge-authz
  version: 3.3.0
- name: lightbridge-authz
  repository: file://../lightbridge-authz
  version: 3.3.0
- name: lightbridge-authz
  repository: file://../lightbridge-authz
  version: 3.3.0
- name: lightbridge-authz
  repository: file://../lightbridge-authz
  version: 3.3.0
- name: lightbridge-authz-usage
  repository: file://../lightbridge-authz-usage
  version: 3.3.0
- name: lightbridge-mcp
  repository: file://../lightbridge-mcp
  version: 3.3.0
digest: sha256:1b7ea42363438ed18f54aa6243d56b92568439f94b27c5411f5249058912bd99
generated: "2026-08-17T09:35:50.007308+02:00"
