dependencies:
- name: lightbridge-authz
  repository: file://../lightbridge-authz
  version: 0.5.7
- name: lightbridge-authz
  repository: file://../lightbridge-authz
  version: 0.5.7
- name: lightbridge-authz-usage
  repository: file://../lightbridge-authz-usage
  version: 0.5.7
digest: sha256:8ea61f33cfb4c4ba522f2ee79ebf6ae9ecc2ce1dbcab7be1f0179f6c32b20d10
generated: "2026-02-28T20:12:02.577557+01:00"
