dependencies:
- name: lightbridge-authz
  repository: file://../lightbridge-authz
  version: 0.6.0
- name: lightbridge-authz
  repository: file://../lightbridge-authz
  version: 0.6.0
- name: lightbridge-authz-usage
  repository: file://../lightbridge-authz-usage
  version: 0.6.0
- name: lightbridge-mcp
  repository: file://../lightbridge-mcp
  version: 0.6.1
digest: sha256:12d3ac18d02ea21375ac2fc289e9496e8a0c7d0a37b184192365e90b0d24bc1e
generated: "2026-03-04T15:26:09.893795+01:00"
